
Microsoft Visual Studio Solution File, Format Version 12.00
# Visual Studio Version 17
VisualStudioVersion = 17.3.32922.545
MinimumVisualStudioVersion = 10.0.40219.1
Project("{FAE04EC0-301F-11D3-BF4B-00C04F79EFBC}") = "KB9400_WpfApp1", "KB9400_WpfApp1\KB9400_WpfApp1.csproj", "{37B4ACCA-121F-46B7-B9CF-2FE6E5EF24B3}"
EndProject
Global
	GlobalSection(SolutionConfigurationPlatforms) = preSolution
		Debug|Any CPU = Debug|Any CPU
		Release|Any CPU = Release|Any CPU
	EndGlobalSection
	GlobalSection(ProjectConfigurationPlatforms) = postSolution
		{37B4ACCA-121F-46B7-B9CF-2FE6E5EF24B3}.Debug|Any CPU.ActiveCfg = Debug|Any CPU
		{37B4ACCA-121F-46B7-B9CF-2FE6E5EF24B3}.Debug|Any CPU.Build.0 = Debug|Any CPU
		{37B4ACCA-121F-46B7-B9CF-2FE6E5EF24B3}.Release|Any CPU.ActiveCfg = Release|Any CPU
		{37B4ACCA-121F-46B7-B9CF-2FE6E5EF24B3}.Release|Any CPU.Build.0 = Release|Any CPU
	EndGlobalSection
	GlobalSection(SolutionProperties) = preSolution
		HideSolutionNode = FALSE
	EndGlobalSection
	GlobalSection(ExtensibilityGlobals) = postSolution
		SolutionGuid = {303E8887-81F5-4320-ACA3-1D7CF669905F}
	EndGlobalSection
EndGlobal
